
Microsoft Visual Studio Solution File, Format Version 12.00
# Visual Studio Version 16
VisualStudioVersion = 16.0.29503.13
MinimumVisualStudioVersion = 10.0.40219.1
Project("{FAE04EC0-301F-11D3-BF4B-00C04F79EFBC}") = "ASPT.Server.Core", "Core\Server\ASPT.Server.Core\ASPT.Server.Core.csproj", "{9AFC8816-96A4-4BBD-8DF3-CC5B0C4E3DA3}"
EndProject
Project("{FAE04EC0-301F-11D3-BF4B-00C04F79EFBC}") = "ASPT.Server", "Core\Server\ASPT.Server\ASPT.Server.csproj", "{CF90C11B-DB13-4945-B4C7-7DBE9804AF62}"
EndProject
Project("{2150E333-8FDC-42A3-9474-1A3956D46DE8}") = "Core", "Core", "{D23CA2C0-B82B-4B2C-9B3C-A8254979596E}"
EndProject
Project("{2150E333-8FDC-42A3-9474-1A3956D46DE8}") = "Server", "Server", "{481ECEB1-0654-4B71-A656-78311506F765}"
EndProject
Project("{2150E333-8FDC-42A3-9474-1A3956D46DE8}") = "Commons", "Commons", "{E5EACD5C-0F13-4DBB-8036-38581AA44F64}"
EndProject
Project("{2150E333-8FDC-42A3-9474-1A3956D46DE8}") = "Tests", "Tests", "{E0DD91DE-10E1-4A58-A9DC-3EF888208A35}"
EndProject
Project("{2150E333-8FDC-42A3-9474-1A3956D46DE8}") = "Experiments", "Experiments", "{EBCF0E04-3359-452F-B9DB-31C1069C0B03}"
EndProject
Global
	GlobalSection(SolutionConfigurationPlatforms) = preSolution
		Debug|Any CPU = Debug|Any CPU
		Release|Any CPU = Release|Any CPU
	EndGlobalSection
	GlobalSection(ProjectConfigurationPlatforms) = postSolution
		{9AFC8816-96A4-4BBD-8DF3-CC5B0C4E3DA3}.Debug|Any CPU.ActiveCfg = Debug|Any CPU
		{9AFC8816-96A4-4BBD-8DF3-CC5B0C4E3DA3}.Debug|Any CPU.Build.0 = Debug|Any CPU
		{9AFC8816-96A4-4BBD-8DF3-CC5B0C4E3DA3}.Release|Any CPU.ActiveCfg = Release|Any CPU
		{9AFC8816-96A4-4BBD-8DF3-CC5B0C4E3DA3}.Release|Any CPU.Build.0 = Release|Any CPU
		{CF90C11B-DB13-4945-B4C7-7DBE9804AF62}.Debug|Any CPU.ActiveCfg = Debug|Any CPU
		{CF90C11B-DB13-4945-B4C7-7DBE9804AF62}.Debug|Any CPU.Build.0 = Debug|Any CPU
		{CF90C11B-DB13-4945-B4C7-7DBE9804AF62}.Release|Any CPU.ActiveCfg = Release|Any CPU
		{CF90C11B-DB13-4945-B4C7-7DBE9804AF62}.Release|Any CPU.Build.0 = Release|Any CPU
	EndGlobalSection
	GlobalSection(SolutionProperties) = preSolution
		HideSolutionNode = FALSE
	EndGlobalSection
	GlobalSection(NestedProjects) = preSolution
		{9AFC8816-96A4-4BBD-8DF3-CC5B0C4E3DA3} = {481ECEB1-0654-4B71-A656-78311506F765}
		{CF90C11B-DB13-4945-B4C7-7DBE9804AF62} = {481ECEB1-0654-4B71-A656-78311506F765}
		{481ECEB1-0654-4B71-A656-78311506F765} = {D23CA2C0-B82B-4B2C-9B3C-A8254979596E}
		{E5EACD5C-0F13-4DBB-8036-38581AA44F64} = {D23CA2C0-B82B-4B2C-9B3C-A8254979596E}
	EndGlobalSection
	GlobalSection(ExtensibilityGlobals) = postSolution
		SolutionGuid = {6822DF34-5EDB-48B5-BF60-2F1067FE2B66}
	EndGlobalSection
EndGlobal
